dependencies:
  espressif/led_strip:
    dependencies: []
    source:
      path: C:\Embedded_Aswin\humidifier\Auto_Humidifier\components\espressif__led_strip
      type: local
    version: 3.0.1
  idf:
    source:
      type: idf
    version: 5.4.1
direct_dependencies:
- espressif/led_strip
- idf
manifest_hash: 511f870fdec650053e266dd5fcd407b8240c9a7aed95e6ccff495c2ff819c8e0
target: esp32
version: 2.0.0
